
Microsoft Visual Studio Solution File, Format Version 12.00
# Visual Studio Version 17
VisualStudioVersion = 17.9.34701.34
MinimumVisualStudioVersion = 10.0.40219.1
Project("{FAE04EC0-301F-11D3-BF4B-00C04F79EFBC}") = "auth", "auth.csproj", "{749AEAA6-2D74-4319-B149-4708E42167BE}"
EndProject
Global
	GlobalSection(SolutionConfigurationPlatforms) = preSolution
		Debug|Any CPU = Debug|Any CPU
		Release|Any CPU = Release|Any CPU
	EndGlobalSection
	GlobalSection(ProjectConfigurationPlatforms) = postSolution
		{749AEAA6-2D74-4319-B149-4708E42167BE}.Debug|Any CPU.ActiveCfg = Debug|Any CPU
		{749AEAA6-2D74-4319-B149-4708E42167BE}.Debug|Any CPU.Build.0 = Debug|Any CPU
		{749AEAA6-2D74-4319-B149-4708E42167BE}.Release|Any CPU.ActiveCfg = Release|Any CPU
		{749AEAA6-2D74-4319-B149-4708E42167BE}.Release|Any CPU.Build.0 = Release|Any CPU
	EndGlobalSection
	GlobalSection(SolutionProperties) = preSolution
		HideSolutionNode = FALSE
	EndGlobalSection
	GlobalSection(ExtensibilityGlobals) = postSolution
		SolutionGuid = {E4007C4F-71E8-4B4C-A132-23E1081531CE}
	EndGlobalSection
EndGlobal
